
Microsoft Visual Studio Solution File, Format Version 12.00
# Visual Studio Version 17
VisualStudioVersion = 17.0.31919.166
MinimumVisualStudioVersion = 10.0.40219.1
Project("{2150E333-8FDC-42A3-9474-1A3956D46DE8}") = "build", "build", "{9AF4BDBD-CBAC-4F27-BAD7-E1A6FE393A56}"
	ProjectSection(SolutionItems) = preProject
		src\EasyOC.Build\Commons.props = src\EasyOC.Build\Commons.props
		src\EasyOC.Build\Commons.targets = src\EasyOC.Build\Commons.targets
		src\EasyOC.Build\Dependencies.AspNetCore.props = src\EasyOC.Build\Dependencies.AspNetCore.props
		src\EasyOC.Build\Dependencies.props = src\EasyOC.Build\Dependencies.props
		NuGet.config = NuGet.config
		pack.ps1 = pack.ps1
		package.json = package.json
		tools.txt = tools.txt
	EndProjectSection
EndProject
Project("{2150E333-8FDC-42A3-9474-1A3956D46DE8}") = "Modules", "Modules", "{5A30262C-639E-4734-AB2A-97425C5A1478}"
	ProjectSection(SolutionItems) = preProject
		src\Modules\Directory.Build.props = src\Modules\Directory.Build.props
		src\Modules\Directory.Build.targets = src\Modules\Directory.Build.targets
	EndProjectSection
EndProject
Project("{2150E333-8FDC-42A3-9474-1A3956D46DE8}") = "Core", "Core", "{F57BF725-CA2C-4E30-BA75-1C99D8A40E4D}"
	ProjectSection(SolutionItems) = preProject
		src\Core\Directory.Build.props = src\Core\Directory.Build.props
		src\Core\Directory.Build.targets = src\Core\Directory.Build.targets
	EndProjectSection
EndProject
Project("{9A19103F-16F7-4668-BE54-9A1E7A4F7556}") = "EasyOC.RDBMS", "src\Modules\EasyOC.RDBMS\EasyOC.RDBMS.csproj", "{26E52CF2-DAEA-4667-9854-5FC7F355532D}"
EndProject
Project("{9A19103F-16F7-4668-BE54-9A1E7A4F7556}") = "EasyOC.Workflows", "src\Modules\EasyOC.Workflows\EasyOC.Workflows.csproj", "{CAF72DD5-BFDD-48DB-B865-7A553E6CDAC7}"
EndProject
Project("{9A19103F-16F7-4668-BE54-9A1E7A4F7556}") = "EasyOC.Excel", "src\Modules\EasyOC.Excel\EasyOC.Excel.csproj", "{AD353D9C-E8EE-42F7-A2DE-6989971DFDCE}"
EndProject
Project("{9A19103F-16F7-4668-BE54-9A1E7A4F7556}") = "EasyOC.Core", "src\Core\EasyOC.Core\EasyOC.Core.csproj", "{0ACCF3C6-F556-4331-A519-BCF66E5C0BAB}"
EndProject
Project("{9A19103F-16F7-4668-BE54-9A1E7A4F7556}") = "EasyOC.Scripting", "src\Modules\EasyOC.Scripting\EasyOC.Scripting.csproj", "{CF187415-FA7E-4FCB-9253-608AD9E3972E}"
EndProject
Project("{2150E333-8FDC-42A3-9474-1A3956D46DE8}") = "Gulp", "Gulp", "{5555E483-CCDD-4D21-904A-5B2D59C73252}"
	ProjectSection(SolutionItems) = preProject
		gulpfile.js = gulpfile.js
		package-lock.json = package-lock.json
		package.json = package.json
	EndProjectSection
EndProject
Project("{9A19103F-16F7-4668-BE54-9A1E7A4F7556}") = "EasyOC.ContentExtensions", "src\Modules\EasyOC.ContentExtensions\EasyOC.ContentExtensions.csproj", "{0AB5AB7E-A9A1-405A-8F60-B39CECF81198}"
EndProject
Project("{9A19103F-16F7-4668-BE54-9A1E7A4F7556}") = "EasyOC.CMS.WebHost", "src\EasyOC.CMS.WebHost\EasyOC.CMS.WebHost.csproj", "{5713D0BB-A79F-40E7-9D9A-F7894881C836}"
EndProject
Project("{2150E333-8FDC-42A3-9474-1A3956D46DE8}") = "Targets", "Targets", "{F4BC6C51-2536-4524-B79C-66AA0E45ED34}"
	ProjectSection(SolutionItems) = preProject
		src\Targets\Directory.Build.props = src\Targets\Directory.Build.props
		src\Targets\Directory.Build.targets = src\Targets\Directory.Build.targets
	EndProjectSection
EndProject
Project("{9A19103F-16F7-4668-BE54-9A1E7A4F7556}") = "EasyOC.Application.Targets", "src\Targets\EasyOC.Application.Targets\EasyOC.Application.Targets.csproj", "{1E009BDA-C0F2-4DEE-A2E1-F294F047C8EF}"
EndProject
Project("{9A19103F-16F7-4668-BE54-9A1E7A4F7556}") = "EasyOC.DynamicWebApi", "src\Core\EasyOC.DynamicWebApi\EasyOC.DynamicWebApi.csproj", "{42DACC0E-2BC4-48C3-A55F-A9FDEC394929}"
EndProject
Project("{9A19103F-16F7-4668-BE54-9A1E7A4F7556}") = "EasyOC.OpenApi", "src\Modules\EasyOC.OpenApi\EasyOC.OpenApi.csproj", "{F1DBFDCF-C00F-4B26-95B1-9B44AEB5119E}"
EndProject
Project("{2150E333-8FDC-42A3-9474-1A3956D46DE8}") = "Themes", "Themes", "{181DF740-F0EB-42D9-A94E-076745447CDB}"
EndProject
Project("{9A19103F-16F7-4668-BE54-9A1E7A4F7556}") = "EasyOCVbenAdminTheme", "src\Themes\EasyOCVbenAdminTheme\EasyOCVbenAdminTheme.csproj", "{BB6F4735-E2E3-4848-89BC-26C0F2EAED7B}"
EndProject
Project("{9A19103F-16F7-4668-BE54-9A1E7A4F7556}") = "EasyOC.VueElementUI", "src\Modules\EasyOC.VueElementUI\EasyOC.VueElementUI.csproj", "{1FACFA2D-BE8E-4BF8-B099-5DF6AC62CD4F}"
EndProject
Project("{9A19103F-16F7-4668-BE54-9A1E7A4F7556}") = "OrchardCore.Wechat", "src\Modules\OrchardCore.Wechat\OrchardCore.Wechat.csproj", "{FCBEC246-657A-4B1B-A398-69731A66AB09}"
EndProject
Project("{9A19103F-16F7-4668-BE54-9A1E7A4F7556}") = "EasyOC.Amis", "src\Modules\EasyOC.Amis\EasyOC.Amis.csproj", "{02D295C1-3E29-44D7-AFCB-41330965D449}"
EndProject
Project("{9A19103F-16F7-4668-BE54-9A1E7A4F7556}") = "EasyOC.GraphQL", "src\Modules\EasyOC.GraphQL\EasyOC.GraphQL.csproj", "{B4D70E06-785B-4869-A61E-05682E322834}"
EndProject
Project("{9A19103F-16F7-4668-BE54-9A1E7A4F7556}") = "EasyOC.DynamicTypeIndex", "src\Modules\EasyOC.DynamicTypeIndex\EasyOC.DynamicTypeIndex.csproj", "{BB2E7C19-CF43-4727-AB6F-88434E4F57CA}"
EndProject
Project("{9A19103F-16F7-4668-BE54-9A1E7A4F7556}") = "EasyOC.GraphQL.Abstractions", "src\Modules\EasyOC.GraphQL.Abstractions\EasyOC.GraphQL.Abstractions.csproj", "{14B75A05-A161-4529-943D-7EEFFE9C5BC2}"
EndProject
Project("{9A19103F-16F7-4668-BE54-9A1E7A4F7556}") = "EasyOCSiteTheme", "src\Themes\EasyOCSiteTheme\EasyOCSiteTheme.csproj", "{75950DDF-534E-4FCA-89DF-BCCD7CE9D16E}"
EndProject
Project("{9A19103F-16F7-4668-BE54-9A1E7A4F7556}") = "EasyOC.CSharpScript", "src\Modules\EasyOC.CSharpScript\EasyOC.CSharpScript.csproj", "{17D57AA9-40B3-448D-A7B5-CA2A38E9289D}"
EndProject
Project("{9A19103F-16F7-4668-BE54-9A1E7A4F7556}") = "EasyOC.OrchardCore.Targets", "src\Targets\EasyOC.OrchardCore.Targets\EasyOC.OrchardCore.Targets.csproj", "{E7945EB4-A380-47A1-80BE-D1BA56621B8F}"
EndProject
Project("{2150E333-8FDC-42A3-9474-1A3956D46DE8}") = "OrchardCore.Modules", "OrchardCore.Modules", "{AA7DB5EF-F07C-4DDD-B2C4-C5442F3DECB0}"
EndProject
Project("{9A19103F-16F7-4668-BE54-9A1E7A4F7556}") = "EasyOC.FreeSql", "src\Modules\EasyOC.FreeSql\EasyOC.FreeSql.csproj", "{0D3D6871-D968-4871-B855-DBB965AEE8E4}"
EndProject
Project("{9A19103F-16F7-4668-BE54-9A1E7A4F7556}") = "EasyOC.AuditTrail", "src\Modules\EasyOC.AuditTrail\EasyOC.AuditTrail.csproj", "{62DBC7EE-316C-4BFD-A6D6-9FDC046FDBBF}"
EndProject
Project("{9A19103F-16F7-4668-BE54-9A1E7A4F7556}") = "EasyOC.AntdAdmin", "src\Modules\EasyOC.AntdAdmin\EasyOC.AntdAdmin.csproj", "{88C9C461-768A-4CD4-A33C-E6917EE44E81}"
EndProject
Project("{9A19103F-16F7-4668-BE54-9A1E7A4F7556}") = "EasyOC.Lucene", "src\Modules\EasyOC.Lucene\EasyOC.Lucene.csproj", "{8C7825F7-E1E8-4286-BA66-AB3887F784E4}"
EndProject
Project("{9A19103F-16F7-4668-BE54-9A1E7A4F7556}") = "EasyOCTheme", "src\Themes\EasyOCTheme\EasyOCTheme.csproj", "{0B9628DC-061B-4DA8-9F33-2E27E7221A81}"
EndProject
Project("{9A19103F-16F7-4668-BE54-9A1E7A4F7556}") = "EasyOC.Infrastructure", "src\Core\EasyOC.Infrastructure\EasyOC.Infrastructure.csproj", "{9F9A90AF-DAFA-4964-A62F-ED9950AD7B66}"
EndProject
Project("{9A19103F-16F7-4668-BE54-9A1E7A4F7556}") = "OrchardCore.Media", "src\OrchardCore.Modules\OrchardCore.Media\OrchardCore.Media.csproj", "{AA36D547-21C7-4AA4-9FA3-A8C5BC42AB86}"
EndProject
Project("{FAE04EC0-301F-11D3-BF4B-00C04F79EFBC}") = "EasyOC.Constants", "src\Core\EasyOC.Constants\EasyOC.Constants.csproj", "{3852398C-DFF5-4691-87D7-7B11932FF5AF}"
EndProject
Project("{FAE04EC0-301F-11D3-BF4B-00C04F79EFBC}") = "OrchardCore.OpenId", "src\OrchardCore.Modules\OrchardCore.OpenId\OrchardCore.OpenId.csproj", "{7250AED1-090E-4D26-8195-3BB56AC5D4D4}"
EndProject
Global
	GlobalSection(SolutionConfigurationPlatforms) = preSolution
		Debug|Any CPU = Debug|Any CPU
		Release|Any CPU = Release|Any CPU
	EndGlobalSection
	GlobalSection(ProjectConfigurationPlatforms) = postSolution
		{26E52CF2-DAEA-4667-9854-5FC7F355532D}.Debug|Any CPU.ActiveCfg = Debug|Any CPU
		{26E52CF2-DAEA-4667-9854-5FC7F355532D}.Debug|Any CPU.Build.0 = Debug|Any CPU
		{26E52CF2-DAEA-4667-9854-5FC7F355532D}.Release|Any CPU.ActiveCfg = Release|Any CPU
		{26E52CF2-DAEA-4667-9854-5FC7F355532D}.Release|Any CPU.Build.0 = Release|Any CPU
		{CAF72DD5-BFDD-48DB-B865-7A553E6CDAC7}.Debug|Any CPU.ActiveCfg = Debug|Any CPU
		{CAF72DD5-BFDD-48DB-B865-7A553E6CDAC7}.Debug|Any CPU.Build.0 = Debug|Any CPU
		{CAF72DD5-BFDD-48DB-B865-7A553E6CDAC7}.Release|Any CPU.ActiveCfg = Release|Any CPU
		{CAF72DD5-BFDD-48DB-B865-7A553E6CDAC7}.Release|Any CPU.Build.0 = Release|Any CPU
		{AD353D9C-E8EE-42F7-A2DE-6989971DFDCE}.Debug|Any CPU.ActiveCfg = Debug|Any CPU
		{AD353D9C-E8EE-42F7-A2DE-6989971DFDCE}.Debug|Any CPU.Build.0 = Debug|Any CPU
		{AD353D9C-E8EE-42F7-A2DE-6989971DFDCE}.Release|Any CPU.ActiveCfg = Release|Any CPU
		{AD353D9C-E8EE-42F7-A2DE-6989971DFDCE}.Release|Any CPU.Build.0 = Release|Any CPU
		{0ACCF3C6-F556-4331-A519-BCF66E5C0BAB}.Debug|Any CPU.ActiveCfg = Debug|Any CPU
		{0ACCF3C6-F556-4331-A519-BCF66E5C0BAB}.Debug|Any CPU.Build.0 = Debug|Any CPU
		{0ACCF3C6-F556-4331-A519-BCF66E5C0BAB}.Release|Any CPU.ActiveCfg = Release|Any CPU
		{0ACCF3C6-F556-4331-A519-BCF66E5C0BAB}.Release|Any CPU.Build.0 = Release|Any CPU
		{CF187415-FA7E-4FCB-9253-608AD9E3972E}.Debug|Any CPU.ActiveCfg = Debug|Any CPU
		{CF187415-FA7E-4FCB-9253-608AD9E3972E}.Debug|Any CPU.Build.0 = Debug|Any CPU
		{CF187415-FA7E-4FCB-9253-608AD9E3972E}.Release|Any CPU.ActiveCfg = Release|Any CPU
		{CF187415-FA7E-4FCB-9253-608AD9E3972E}.Release|Any CPU.Build.0 = Release|Any CPU
		{0AB5AB7E-A9A1-405A-8F60-B39CECF81198}.Debug|Any CPU.ActiveCfg = Debug|Any CPU
		{0AB5AB7E-A9A1-405A-8F60-B39CECF81198}.Debug|Any CPU.Build.0 = Debug|Any CPU
		{0AB5AB7E-A9A1-405A-8F60-B39CECF81198}.Release|Any CPU.ActiveCfg = Release|Any CPU
		{0AB5AB7E-A9A1-405A-8F60-B39CECF81198}.Release|Any CPU.Build.0 = Release|Any CPU
		{5713D0BB-A79F-40E7-9D9A-F7894881C836}.Debug|Any CPU.ActiveCfg = Debug|Any CPU
		{5713D0BB-A79F-40E7-9D9A-F7894881C836}.Debug|Any CPU.Build.0 = Debug|Any CPU
		{5713D0BB-A79F-40E7-9D9A-F7894881C836}.Release|Any CPU.ActiveCfg = Release|Any CPU
		{5713D0BB-A79F-40E7-9D9A-F7894881C836}.Release|Any CPU.Build.0 = Release|Any CPU
		{1E009BDA-C0F2-4DEE-A2E1-F294F047C8EF}.Debug|Any CPU.ActiveCfg = Debug|Any CPU
		{1E009BDA-C0F2-4DEE-A2E1-F294F047C8EF}.Debug|Any CPU.Build.0 = Debug|Any CPU
		{1E009BDA-C0F2-4DEE-A2E1-F294F047C8EF}.Release|Any CPU.ActiveCfg = Release|Any CPU
		{1E009BDA-C0F2-4DEE-A2E1-F294F047C8EF}.Release|Any CPU.Build.0 = Release|Any CPU
		{42DACC0E-2BC4-48C3-A55F-A9FDEC394929}.Debug|Any CPU.ActiveCfg = Debug|Any CPU
		{42DACC0E-2BC4-48C3-A55F-A9FDEC394929}.Debug|Any CPU.Build.0 = Debug|Any CPU
		{42DACC0E-2BC4-48C3-A55F-A9FDEC394929}.Release|Any CPU.ActiveCfg = Release|Any CPU
		{42DACC0E-2BC4-48C3-A55F-A9FDEC394929}.Release|Any CPU.Build.0 = Release|Any CPU
		{F1DBFDCF-C00F-4B26-95B1-9B44AEB5119E}.Debug|Any CPU.ActiveCfg = Debug|Any CPU
		{F1DBFDCF-C00F-4B26-95B1-9B44AEB5119E}.Debug|Any CPU.Build.0 = Debug|Any CPU
		{F1DBFDCF-C00F-4B26-95B1-9B44AEB5119E}.Release|Any CPU.ActiveCfg = Release|Any CPU
		{F1DBFDCF-C00F-4B26-95B1-9B44AEB5119E}.Release|Any CPU.Build.0 = Release|Any CPU
		{BB6F4735-E2E3-4848-89BC-26C0F2EAED7B}.Debug|Any CPU.ActiveCfg = Debug|Any CPU
		{BB6F4735-E2E3-4848-89BC-26C0F2EAED7B}.Debug|Any CPU.Build.0 = Debug|Any CPU
		{BB6F4735-E2E3-4848-89BC-26C0F2EAED7B}.Release|Any CPU.ActiveCfg = Release|Any CPU
		{BB6F4735-E2E3-4848-89BC-26C0F2EAED7B}.Release|Any CPU.Build.0 = Release|Any CPU
		{1FACFA2D-BE8E-4BF8-B099-5DF6AC62CD4F}.Debug|Any CPU.ActiveCfg = Debug|Any CPU
		{1FACFA2D-BE8E-4BF8-B099-5DF6AC62CD4F}.Debug|Any CPU.Build.0 = Debug|Any CPU
		{1FACFA2D-BE8E-4BF8-B099-5DF6AC62CD4F}.Release|Any CPU.ActiveCfg = Release|Any CPU
		{1FACFA2D-BE8E-4BF8-B099-5DF6AC62CD4F}.Release|Any CPU.Build.0 = Release|Any CPU
		{FCBEC246-657A-4B1B-A398-69731A66AB09}.Debug|Any CPU.ActiveCfg = Debug|Any CPU
		{FCBEC246-657A-4B1B-A398-69731A66AB09}.Debug|Any CPU.Build.0 = Debug|Any CPU
		{FCBEC246-657A-4B1B-A398-69731A66AB09}.Release|Any CPU.ActiveCfg = Release|Any CPU
		{FCBEC246-657A-4B1B-A398-69731A66AB09}.Release|Any CPU.Build.0 = Release|Any CPU
		{02D295C1-3E29-44D7-AFCB-41330965D449}.Debug|Any CPU.ActiveCfg = Debug|Any CPU
		{02D295C1-3E29-44D7-AFCB-41330965D449}.Debug|Any CPU.Build.0 = Debug|Any CPU
		{02D295C1-3E29-44D7-AFCB-41330965D449}.Release|Any CPU.ActiveCfg = Release|Any CPU
		{02D295C1-3E29-44D7-AFCB-41330965D449}.Release|Any CPU.Build.0 = Release|Any CPU
		{B4D70E06-785B-4869-A61E-05682E322834}.Debug|Any CPU.ActiveCfg = Debug|Any CPU
		{B4D70E06-785B-4869-A61E-05682E322834}.Debug|Any CPU.Build.0 = Debug|Any CPU
		{B4D70E06-785B-4869-A61E-05682E322834}.Release|Any CPU.ActiveCfg = Release|Any CPU
		{B4D70E06-785B-4869-A61E-05682E322834}.Release|Any CPU.Build.0 = Release|Any CPU
		{BB2E7C19-CF43-4727-AB6F-88434E4F57CA}.Debug|Any CPU.ActiveCfg = Debug|Any CPU
		{BB2E7C19-CF43-4727-AB6F-88434E4F57CA}.Debug|Any CPU.Build.0 = Debug|Any CPU
		{BB2E7C19-CF43-4727-AB6F-88434E4F57CA}.Release|Any CPU.ActiveCfg = Release|Any CPU
		{BB2E7C19-CF43-4727-AB6F-88434E4F57CA}.Release|Any CPU.Build.0 = Release|Any CPU
		{14B75A05-A161-4529-943D-7EEFFE9C5BC2}.Debug|Any CPU.ActiveCfg = Debug|Any CPU
		{14B75A05-A161-4529-943D-7EEFFE9C5BC2}.Debug|Any CPU.Build.0 = Debug|Any CPU
		{14B75A05-A161-4529-943D-7EEFFE9C5BC2}.Release|Any CPU.ActiveCfg = Release|Any CPU
		{14B75A05-A161-4529-943D-7EEFFE9C5BC2}.Release|Any CPU.Build.0 = Release|Any CPU
		{75950DDF-534E-4FCA-89DF-BCCD7CE9D16E}.Debug|Any CPU.ActiveCfg = Debug|Any CPU
		{75950DDF-534E-4FCA-89DF-BCCD7CE9D16E}.Debug|Any CPU.Build.0 = Debug|Any CPU
		{75950DDF-534E-4FCA-89DF-BCCD7CE9D16E}.Release|Any CPU.ActiveCfg = Release|Any CPU
		{75950DDF-534E-4FCA-89DF-BCCD7CE9D16E}.Release|Any CPU.Build.0 = Release|Any CPU
		{17D57AA9-40B3-448D-A7B5-CA2A38E9289D}.Debug|Any CPU.ActiveCfg = Debug|Any CPU
		{17D57AA9-40B3-448D-A7B5-CA2A38E9289D}.Debug|Any CPU.Build.0 = Debug|Any CPU
		{17D57AA9-40B3-448D-A7B5-CA2A38E9289D}.Release|Any CPU.ActiveCfg = Release|Any CPU
		{17D57AA9-40B3-448D-A7B5-CA2A38E9289D}.Release|Any CPU.Build.0 = Release|Any CPU
		{E7945EB4-A380-47A1-80BE-D1BA56621B8F}.Debug|Any CPU.ActiveCfg = Debug|Any CPU
		{E7945EB4-A380-47A1-80BE-D1BA56621B8F}.Debug|Any CPU.Build.0 = Debug|Any CPU
		{E7945EB4-A380-47A1-80BE-D1BA56621B8F}.Release|Any CPU.ActiveCfg = Release|Any CPU
		{E7945EB4-A380-47A1-80BE-D1BA56621B8F}.Release|Any CPU.Build.0 = Release|Any CPU
		{0D3D6871-D968-4871-B855-DBB965AEE8E4}.Debug|Any CPU.ActiveCfg = Debug|Any CPU
		{0D3D6871-D968-4871-B855-DBB965AEE8E4}.Debug|Any CPU.Build.0 = Debug|Any CPU
		{0D3D6871-D968-4871-B855-DBB965AEE8E4}.Release|Any CPU.ActiveCfg = Release|Any CPU
		{0D3D6871-D968-4871-B855-DBB965AEE8E4}.Release|Any CPU.Build.0 = Release|Any CPU
		{62DBC7EE-316C-4BFD-A6D6-9FDC046FDBBF}.Debug|Any CPU.ActiveCfg = Debug|Any CPU
		{62DBC7EE-316C-4BFD-A6D6-9FDC046FDBBF}.Debug|Any CPU.Build.0 = Debug|Any CPU
		{62DBC7EE-316C-4BFD-A6D6-9FDC046FDBBF}.Release|Any CPU.ActiveCfg = Release|Any CPU
		{62DBC7EE-316C-4BFD-A6D6-9FDC046FDBBF}.Release|Any CPU.Build.0 = Release|Any CPU
		{88C9C461-768A-4CD4-A33C-E6917EE44E81}.Debug|Any CPU.ActiveCfg = Debug|Any CPU
		{88C9C461-768A-4CD4-A33C-E6917EE44E81}.Debug|Any CPU.Build.0 = Debug|Any CPU
		{88C9C461-768A-4CD4-A33C-E6917EE44E81}.Release|Any CPU.ActiveCfg = Release|Any CPU
		{88C9C461-768A-4CD4-A33C-E6917EE44E81}.Release|Any CPU.Build.0 = Release|Any CPU
		{8C7825F7-E1E8-4286-BA66-AB3887F784E4}.Debug|Any CPU.ActiveCfg = Debug|Any CPU
		{8C7825F7-E1E8-4286-BA66-AB3887F784E4}.Debug|Any CPU.Build.0 = Debug|Any CPU
		{8C7825F7-E1E8-4286-BA66-AB3887F784E4}.Release|Any CPU.ActiveCfg = Release|Any CPU
		{8C7825F7-E1E8-4286-BA66-AB3887F784E4}.Release|Any CPU.Build.0 = Release|Any CPU
		{0B9628DC-061B-4DA8-9F33-2E27E7221A81}.Debug|Any CPU.ActiveCfg = Debug|Any CPU
		{0B9628DC-061B-4DA8-9F33-2E27E7221A81}.Debug|Any CPU.Build.0 = Debug|Any CPU
		{0B9628DC-061B-4DA8-9F33-2E27E7221A81}.Release|Any CPU.ActiveCfg = Release|Any CPU
		{0B9628DC-061B-4DA8-9F33-2E27E7221A81}.Release|Any CPU.Build.0 = Release|Any CPU
		{9F9A90AF-DAFA-4964-A62F-ED9950AD7B66}.Debug|Any CPU.ActiveCfg = Debug|Any CPU
		{9F9A90AF-DAFA-4964-A62F-ED9950AD7B66}.Debug|Any CPU.Build.0 = Debug|Any CPU
		{9F9A90AF-DAFA-4964-A62F-ED9950AD7B66}.Release|Any CPU.ActiveCfg = Release|Any CPU
		{9F9A90AF-DAFA-4964-A62F-ED9950AD7B66}.Release|Any CPU.Build.0 = Release|Any CPU
		{AA36D547-21C7-4AA4-9FA3-A8C5BC42AB86}.Debug|Any CPU.ActiveCfg = Debug|Any CPU
		{AA36D547-21C7-4AA4-9FA3-A8C5BC42AB86}.Debug|Any CPU.Build.0 = Debug|Any CPU
		{AA36D547-21C7-4AA4-9FA3-A8C5BC42AB86}.Release|Any CPU.ActiveCfg = Release|Any CPU
		{AA36D547-21C7-4AA4-9FA3-A8C5BC42AB86}.Release|Any CPU.Build.0 = Release|Any CPU
		{3852398C-DFF5-4691-87D7-7B11932FF5AF}.Debug|Any CPU.ActiveCfg = Debug|Any CPU
		{3852398C-DFF5-4691-87D7-7B11932FF5AF}.Debug|Any CPU.Build.0 = Debug|Any CPU
		{3852398C-DFF5-4691-87D7-7B11932FF5AF}.Release|Any CPU.ActiveCfg = Release|Any CPU
		{3852398C-DFF5-4691-87D7-7B11932FF5AF}.Release|Any CPU.Build.0 = Release|Any CPU
		{7250AED1-090E-4D26-8195-3BB56AC5D4D4}.Debug|Any CPU.ActiveCfg = Debug|Any CPU
		{7250AED1-090E-4D26-8195-3BB56AC5D4D4}.Debug|Any CPU.Build.0 = Debug|Any CPU
		{7250AED1-090E-4D26-8195-3BB56AC5D4D4}.Release|Any CPU.ActiveCfg = Release|Any CPU
		{7250AED1-090E-4D26-8195-3BB56AC5D4D4}.Release|Any CPU.Build.0 = Release|Any CPU
	EndGlobalSection
	GlobalSection(SolutionProperties) = preSolution
		HideSolutionNode = FALSE
	EndGlobalSection
	GlobalSection(NestedProjects) = preSolution
		{26E52CF2-DAEA-4667-9854-5FC7F355532D} = {5A30262C-639E-4734-AB2A-97425C5A1478}
		{CAF72DD5-BFDD-48DB-B865-7A553E6CDAC7} = {5A30262C-639E-4734-AB2A-97425C5A1478}
		{AD353D9C-E8EE-42F7-A2DE-6989971DFDCE} = {5A30262C-639E-4734-AB2A-97425C5A1478}
		{0ACCF3C6-F556-4331-A519-BCF66E5C0BAB} = {F57BF725-CA2C-4E30-BA75-1C99D8A40E4D}
		{CF187415-FA7E-4FCB-9253-608AD9E3972E} = {5A30262C-639E-4734-AB2A-97425C5A1478}
		{5555E483-CCDD-4D21-904A-5B2D59C73252} = {9AF4BDBD-CBAC-4F27-BAD7-E1A6FE393A56}
		{0AB5AB7E-A9A1-405A-8F60-B39CECF81198} = {5A30262C-639E-4734-AB2A-97425C5A1478}
		{1E009BDA-C0F2-4DEE-A2E1-F294F047C8EF} = {F4BC6C51-2536-4524-B79C-66AA0E45ED34}
		{42DACC0E-2BC4-48C3-A55F-A9FDEC394929} = {F57BF725-CA2C-4E30-BA75-1C99D8A40E4D}
		{F1DBFDCF-C00F-4B26-95B1-9B44AEB5119E} = {5A30262C-639E-4734-AB2A-97425C5A1478}
		{BB6F4735-E2E3-4848-89BC-26C0F2EAED7B} = {181DF740-F0EB-42D9-A94E-076745447CDB}
		{1FACFA2D-BE8E-4BF8-B099-5DF6AC62CD4F} = {5A30262C-639E-4734-AB2A-97425C5A1478}
		{FCBEC246-657A-4B1B-A398-69731A66AB09} = {5A30262C-639E-4734-AB2A-97425C5A1478}
		{02D295C1-3E29-44D7-AFCB-41330965D449} = {5A30262C-639E-4734-AB2A-97425C5A1478}
		{B4D70E06-785B-4869-A61E-05682E322834} = {5A30262C-639E-4734-AB2A-97425C5A1478}
		{BB2E7C19-CF43-4727-AB6F-88434E4F57CA} = {5A30262C-639E-4734-AB2A-97425C5A1478}
		{14B75A05-A161-4529-943D-7EEFFE9C5BC2} = {5A30262C-639E-4734-AB2A-97425C5A1478}
		{75950DDF-534E-4FCA-89DF-BCCD7CE9D16E} = {181DF740-F0EB-42D9-A94E-076745447CDB}
		{17D57AA9-40B3-448D-A7B5-CA2A38E9289D} = {5A30262C-639E-4734-AB2A-97425C5A1478}
		{E7945EB4-A380-47A1-80BE-D1BA56621B8F} = {F4BC6C51-2536-4524-B79C-66AA0E45ED34}
		{0D3D6871-D968-4871-B855-DBB965AEE8E4} = {5A30262C-639E-4734-AB2A-97425C5A1478}
		{62DBC7EE-316C-4BFD-A6D6-9FDC046FDBBF} = {5A30262C-639E-4734-AB2A-97425C5A1478}
		{88C9C461-768A-4CD4-A33C-E6917EE44E81} = {5A30262C-639E-4734-AB2A-97425C5A1478}
		{8C7825F7-E1E8-4286-BA66-AB3887F784E4} = {5A30262C-639E-4734-AB2A-97425C5A1478}
		{0B9628DC-061B-4DA8-9F33-2E27E7221A81} = {181DF740-F0EB-42D9-A94E-076745447CDB}
		{9F9A90AF-DAFA-4964-A62F-ED9950AD7B66} = {F57BF725-CA2C-4E30-BA75-1C99D8A40E4D}
		{AA36D547-21C7-4AA4-9FA3-A8C5BC42AB86} = {AA7DB5EF-F07C-4DDD-B2C4-C5442F3DECB0}
		{3852398C-DFF5-4691-87D7-7B11932FF5AF} = {F57BF725-CA2C-4E30-BA75-1C99D8A40E4D}
		{7250AED1-090E-4D26-8195-3BB56AC5D4D4} = {AA7DB5EF-F07C-4DDD-B2C4-C5442F3DECB0}
	EndGlobalSection
	GlobalSection(ExtensibilityGlobals) = postSolution
		SolutionGuid = {59AC3010-A6C0-4E54-9806-D2A45D57EE6E}
	EndGlobalSection
EndGlobal
