{
  "name": "easyoc.powerbiclient",
  "version": "1.0.0",
  "lockfileVersion": 2,
  "requires": true,
  "packages": {
    "": {
      "name": "easyoc.powerbiclient",
      "version": "1.0.0",
      "license": "ISC",
      "dependencies": {
        "powerbi-client": "^2.21.1"
      }
    },
    "node_modules/es6-promise": {
      "version": "3.3.1",
      "resolved": "https://registry.npmmirror.com/es6-promise/-/es6-promise-3.3.1.tgz",
      "integrity": "sha512-SOp9Phqvqn7jtEUxPWdWfWoLmyt2VaJ6MpvP9Comy1MceMXqE6bxvaTu4iaxpYYPzhny28Lc+M87/c2cPK6lDg=="
    },
    "node_modules/http-post-message": {
      "version": "0.2.3",
      "resolved": "https://registry.npmmirror.com/http-post-message/-/http-post-message-0.2.3.tgz",
      "integrity": "sha512-76heerrzYhvWptJfWxUarHw2O3fkMqF48bbq/S6XFWHUc34o8tkySBwtReXuAKJAECZWVu8U0TYLckFcwtSdrg==",
      "dependencies": {
        "es6-promise": "^3.2.1"
      }
    },
    "node_modules/powerbi-client": {
      "version": "2.21.1",
      "resolved": "https://registry.npmmirror.com/powerbi-client/-/powerbi-client-2.21.1.tgz",
      "integrity": "sha512-v5rbqVnAiES5iU8OerUKdMVLfV934QykZkpge3Iyx9EcKob/Ga1mWa973e/32EejEqtGqoYNcvkrkK7utfGV+g==",
      "dependencies": {
        "http-post-message": "^0.2",
        "powerbi-models": "^1.11.0",
        "powerbi-router": "^0.1",
        "window-post-message-proxy": "^0.2"
      }
    },
    "node_modules/powerbi-models": {
      "version": "1.11.0",
      "resolved": "https://registry.npmmirror.com/powerbi-models/-/powerbi-models-1.11.0.tgz",
      "integrity": "sha512-zRy6PBCmOhtHkZ6aWC/s7W/oV8aCmu7QlnG1GEy8XThj2baxFYnj2tCYaKAsOX7CvlCymw1NIXN9RhiRQI7EXQ=="
    },
    "node_modules/powerbi-router": {
      "version": "0.1.5",
      "resolved": "https://registry.npmmirror.com/powerbi-router/-/powerbi-router-0.1.5.tgz",
      "integrity": "sha512-DFJCKxwh/DqMZXtHSo6xZl87mbRviZGn4P7Oi2rT0L4HMI4AjnWIrwg0JCSM7ymBzYnNe5UmrsCaf2Upur5RQA==",
      "dependencies": {
        "es6-promise": "^3.2.1",
        "route-recognizer": "^0.1.11"
      }
    },
    "node_modules/route-recognizer": {
      "version": "0.1.11",
      "resolved": "https://registry.npmmirror.com/route-recognizer/-/route-recognizer-0.1.11.tgz",
      "integrity": "sha512-7JNu5mXQVa39zxmUKyk/bfpeF2WyEC5JKVTJO5HATcoUQpcQsI3eLzhwGU69xeOagQxfOQ+yr2sSv0G8xy+vQA=="
    },
    "node_modules/window-post-message-proxy": {
      "version": "0.2.6",
      "resolved": "https://registry.npmmirror.com/window-post-message-proxy/-/window-post-message-proxy-0.2.6.tgz",
      "integrity": "sha512-IwNWtUWVFarBa2F9vhmfv2yr0PfPm57QuOBCw3qSLaunhD3THcHUKQ4HrJQiCuYUT7LEjhUtaoA+hrV+wQzNmQ==",
      "dependencies": {
        "es6-promise": "^3.1.2"
      }
    }
  },
  "dependencies": {
    "es6-promise": {
      "version": "3.3.1",
      "resolved": "https://registry.npmmirror.com/es6-promise/-/es6-promise-3.3.1.tgz",
      "integrity": "sha512-SOp9Phqvqn7jtEUxPWdWfWoLmyt2VaJ6MpvP9Comy1MceMXqE6bxvaTu4iaxpYYPzhny28Lc+M87/c2cPK6lDg=="
    },
    "http-post-message": {
      "version": "0.2.3",
      "resolved": "https://registry.npmmirror.com/http-post-message/-/http-post-message-0.2.3.tgz",
      "integrity": "sha512-76heerrzYhvWptJfWxUarHw2O3fkMqF48bbq/S6XFWHUc34o8tkySBwtReXuAKJAECZWVu8U0TYLckFcwtSdrg==",
      "requires": {
        "es6-promise": "^3.2.1"
      }
    },
    "powerbi-client": {
      "version": "2.21.1",
      "resolved": "https://registry.npmmirror.com/powerbi-client/-/powerbi-client-2.21.1.tgz",
      "integrity": "sha512-v5rbqVnAiES5iU8OerUKdMVLfV934QykZkpge3Iyx9EcKob/Ga1mWa973e/32EejEqtGqoYNcvkrkK7utfGV+g==",
      "requires": {
        "http-post-message": "^0.2",
        "powerbi-models": "^1.11.0",
        "powerbi-router": "^0.1",
        "window-post-message-proxy": "^0.2"
      }
    },
    "powerbi-models": {
      "version": "1.11.0",
      "resolved": "https://registry.npmmirror.com/powerbi-models/-/powerbi-models-1.11.0.tgz",
      "integrity": "sha512-zRy6PBCmOhtHkZ6aWC/s7W/oV8aCmu7QlnG1GEy8XThj2baxFYnj2tCYaKAsOX7CvlCymw1NIXN9RhiRQI7EXQ=="
    },
    "powerbi-router": {
      "version": "0.1.5",
      "resolved": "https://registry.npmmirror.com/powerbi-router/-/powerbi-router-0.1.5.tgz",
      "integrity": "sha512-DFJCKxwh/DqMZXtHSo6xZl87mbRviZGn4P7Oi2rT0L4HMI4AjnWIrwg0JCSM7ymBzYnNe5UmrsCaf2Upur5RQA==",
      "requires": {
        "es6-promise": "^3.2.1",
        "route-recognizer": "^0.1.11"
      }
    },
    "route-recognizer": {
      "version": "0.1.11",
      "resolved": "https://registry.npmmirror.com/route-recognizer/-/route-recognizer-0.1.11.tgz",
      "integrity": "sha512-7JNu5mXQVa39zxmUKyk/bfpeF2WyEC5JKVTJO5HATcoUQpcQsI3eLzhwGU69xeOagQxfOQ+yr2sSv0G8xy+vQA=="
    },
    "window-post-message-proxy": {
      "version": "0.2.6",
      "resolved": "https://registry.npmmirror.com/window-post-message-proxy/-/window-post-message-proxy-0.2.6.tgz",
      "integrity": "sha512-IwNWtUWVFarBa2F9vhmfv2yr0PfPm57QuOBCw3qSLaunhD3THcHUKQ4HrJQiCuYUT7LEjhUtaoA+hrV+wQzNmQ==",
      "requires": {
        "es6-promise": "^3.1.2"
      }
    }
  }
}
